
Microsoft Visual Studio Solution File, Format Version 12.00
# Visual Studio Version 17
VisualStudioVersion = 17.3.32825.248
MinimumVisualStudioVersion = 10.0.40219.1
Project("{9A19103F-16F7-4668-BE54-9A1E7A4F7556}") = "EntityFrameworkForDummies.ConsoleApp", "EntityFrameworkForDummies.ConsoleApp\EntityFrameworkForDummies.ConsoleApp.csproj", "{3E66E56D-BFCF-46B7-B4E3-9BDA42A2B0BF}"
EndProject
Global
	GlobalSection(SolutionConfigurationPlatforms) = preSolution
		Debug|Any CPU = Debug|Any CPU
		Release|Any CPU = Release|Any CPU
	EndGlobalSection
	GlobalSection(ProjectConfigurationPlatforms) = postSolution
		{3E66E56D-BFCF-46B7-B4E3-9BDA42A2B0BF}.Debug|Any CPU.ActiveCfg = Debug|Any CPU
		{3E66E56D-BFCF-46B7-B4E3-9BDA42A2B0BF}.Debug|Any CPU.Build.0 = Debug|Any CPU
		{3E66E56D-BFCF-46B7-B4E3-9BDA42A2B0BF}.Release|Any CPU.ActiveCfg = Release|Any CPU
		{3E66E56D-BFCF-46B7-B4E3-9BDA42A2B0BF}.Release|Any CPU.Build.0 = Release|Any CPU
	EndGlobalSection
	GlobalSection(SolutionProperties) = preSolution
		HideSolutionNode = FALSE
	EndGlobalSection
	GlobalSection(ExtensibilityGlobals) = postSolution
		SolutionGuid = {0312FAA9-D415-4A46-AD27-E0140A57544B}
	EndGlobalSection
EndGlobal
